# generated by rye
# use `rye lock` or `rye sync` to update this lockfile
#
# last locked with the following flags:
#   pre: false
#   features: []
#   all-features: false

-e file:.
annotated-types==0.6.0
black==23.11.0
certifi==2023.7.22
cffi==1.16.0
cfgv==3.4.0
charset-normalizer==3.3.2
click==8.1.7
cryptography==41.0.5
deprecated==1.2.14
distlib==0.3.7
filelock==3.13.1
flake8==6.1.0
identify==2.5.32
idna==3.4
isort==5.12.0
mccabe==0.7.0
mypy==1.7.1
mypy-extensions==1.0.0
nodeenv==1.8.0
packaging==23.2
pathspec==0.11.2
platformdirs==4.0.0
pre-commit==3.5.0
pycodestyle==2.11.1
pycparser==2.21
pydantic==2.5.2
pydantic-core==2.14.5
pyflakes==3.1.0
pygithub==2.1.1
pyjwt==2.8.0
pynacl==1.5.0
python-dateutil==2.8.2
pyyaml==6.0.1
requests==2.31.0
ruff==0.1.6
six==1.16.0
typing-extensions==4.8.0
urllib3==2.1.0
virtualenv==20.24.7
wrapt==1.16.0
# The following packages are considered to be unsafe in a requirements file:
setuptools==69.0.2
